
Microsoft Visual Studio Solution File, Format Version 12.00
# Visual Studio Version 17
VisualStudioVersion = 17.0.31912.275
MinimumVisualStudioVersion = 10.0.40219.1
Project("{9A19103F-16F7-4668-BE54-9A1E7A4F7556}") = "Falcon.Server", "Falcon.Server\Falcon.Server.csproj", "{22729EF4-2D51-4054-868B-A059AF8DAE3B}"
EndProject
Project("{9A19103F-16F7-4668-BE54-9A1E7A4F7556}") = "Falcon.Client", "Falcon.Client\Falcon.Client.csproj", "{276C5734-EDC5-47A0-9B47-45354B37B341}"
EndProject
Project("{9A19103F-16F7-4668-BE54-9A1E7A4F7556}") = "Falcon.Server.Tests", "Falcon.Server.Tests\Falcon.Server.Tests.csproj", "{A6DA14E8-E389-4497-91A9-CBE2996953EC}"
EndProject
Project("{9A19103F-16F7-4668-BE54-9A1E7A4F7556}") = "Falcon.Client.Tests", "Falcon.Client.Tests\Falcon.Client.Tests.csproj", "{8C26662D-5C21-45DF-9DD4-E357F9E37687}"
EndProject
Global
	GlobalSection(SolutionConfigurationPlatforms) = preSolution
		Debug|Any CPU = Debug|Any CPU
		Release|Any CPU = Release|Any CPU
	EndGlobalSection
	GlobalSection(ProjectConfigurationPlatforms) = postSolution
		{22729EF4-2D51-4054-868B-A059AF8DAE3B}.Debug|Any CPU.ActiveCfg = Debug|Any CPU
		{22729EF4-2D51-4054-868B-A059AF8DAE3B}.Debug|Any CPU.Build.0 = Debug|Any CPU
		{22729EF4-2D51-4054-868B-A059AF8DAE3B}.Release|Any CPU.ActiveCfg = Release|Any CPU
		{22729EF4-2D51-4054-868B-A059AF8DAE3B}.Release|Any CPU.Build.0 = Release|Any CPU
		{276C5734-EDC5-47A0-9B47-45354B37B341}.Debug|Any CPU.ActiveCfg = Debug|Any CPU
		{276C5734-EDC5-47A0-9B47-45354B37B341}.Debug|Any CPU.Build.0 = Debug|Any CPU
		{276C5734-EDC5-47A0-9B47-45354B37B341}.Release|Any CPU.ActiveCfg = Release|Any CPU
		{276C5734-EDC5-47A0-9B47-45354B37B341}.Release|Any CPU.Build.0 = Release|Any CPU
		{A6DA14E8-E389-4497-91A9-CBE2996953EC}.Debug|Any CPU.ActiveCfg = Debug|Any CPU
		{A6DA14E8-E389-4497-91A9-CBE2996953EC}.Debug|Any CPU.Build.0 = Debug|Any CPU
		{A6DA14E8-E389-4497-91A9-CBE2996953EC}.Release|Any CPU.ActiveCfg = Release|Any CPU
		{A6DA14E8-E389-4497-91A9-CBE2996953EC}.Release|Any CPU.Build.0 = Release|Any CPU
		{8C26662D-5C21-45DF-9DD4-E357F9E37687}.Debug|Any CPU.ActiveCfg = Debug|Any CPU
		{8C26662D-5C21-45DF-9DD4-E357F9E37687}.Debug|Any CPU.Build.0 = Debug|Any CPU
		{8C26662D-5C21-45DF-9DD4-E357F9E37687}.Release|Any CPU.ActiveCfg = Release|Any CPU
		{8C26662D-5C21-45DF-9DD4-E357F9E37687}.Release|Any CPU.Build.0 = Release|Any CPU
	EndGlobalSection
	GlobalSection(SolutionProperties) = preSolution
		HideSolutionNode = FALSE
	EndGlobalSection
	GlobalSection(ExtensibilityGlobals) = postSolution
		SolutionGuid = {BC45A25F-967E-4A99-A677-D03B31936F75}
	EndGlobalSection
EndGlobal
